
Microsoft Visual Studio Solution File, Format Version 12.00
# Visual Studio Version 16
VisualStudioVersion = 16.0.29318.209
MinimumVisualStudioVersion = 10.0.40219.1
Project("{FAE04EC0-301F-11D3-BF4B-00C04F79EFBC}") = "WordFrequencyAnalyzer", "WordFrequencyCalculator\WordFrequencyAnalyzer.csproj", "{B8594DA7-C146-43F7-B08B-0C2E7BA878FF}"
EndProject
Global
	GlobalSection(SolutionConfigurationPlatforms) = preSolution
		Debug|Any CPU = Debug|Any CPU
		Release|Any CPU = Release|Any CPU
	EndGlobalSection
	GlobalSection(ProjectConfigurationPlatforms) = postSolution
		{B8594DA7-C146-43F7-B08B-0C2E7BA878FF}.Debug|Any CPU.ActiveCfg = Debug|Any CPU
		{B8594DA7-C146-43F7-B08B-0C2E7BA878FF}.Debug|Any CPU.Build.0 = Debug|Any CPU
		{B8594DA7-C146-43F7-B08B-0C2E7BA878FF}.Release|Any CPU.ActiveCfg = Release|Any CPU
		{B8594DA7-C146-43F7-B08B-0C2E7BA878FF}.Release|Any CPU.Build.0 = Release|Any CPU
	EndGlobalSection
	GlobalSection(SolutionProperties) = preSolution
		HideSolutionNode = FALSE
	EndGlobalSection
	GlobalSection(ExtensibilityGlobals) = postSolution
		SolutionGuid = {E010E3C6-DFF5-4F8A-8A78-F95C1ACBEE41}
	EndGlobalSection
EndGlobal
